// !$*UTF8*$!
{
	archiveVersion = 1;
	classes = {
	};
	objectVersion = 46;
	objects = {

/* Begin PBXBuildFile section */
		2C963E811E2616C200708063 /* main.m in Sources */ = {isa = PBXBuildFile; fileRef = 2C963E801E2616C200708063 /* main.m */; };
		2C963E841E2616C200708063 /* AppDelegate.m in Sources */ = {isa = PBXBuildFile; fileRef = 2C963E831E2616C200708063 /* AppDelegate.m */; };
		2C963E871E2616C200708063 /* ViewController.m in Sources */ = {isa = PBXBuildFile; fileRef = 2C963E861E2616C200708063 /* ViewController.m */; };
		2C963E8A1E2616C200708063 /* Main.storyboard in Resources */ = {isa = PBXBuildFile; fileRef = 2C963E881E2616C200708063 /* Main.storyboard */; };
		2C963E8C1E2616C200708063 /* Assets.xcassets in Resources */ = {isa = PBXBuildFile; fileRef = 2C963E8B1E2616C200708063 /* Assets.xcassets */; };
		2C963E8F1E2616C200708063 /* LaunchScreen.storyboard in Resources */ = {isa = PBXBuildFile; fileRef = 2C963E8D1E2616C200708063 /* LaunchScreen.storyboard */; };
		2C963E9A1E2616C200708063 /* MyImagePickerControllerTests.m in Sources */ = {isa = PBXBuildFile; fileRef = 2C963E991E2616C200708063 /* MyImagePickerControllerTests.m */; };
		2C963EA51E2616C200708063 /* MyImagePickerControllerUITests.m in Sources */ = {isa = PBXBuildFile; fileRef = 2C963EA41E2616C200708063 /* MyImagePickerControllerUITests.m */; };
/* End PBXBuildFile section */

/* Begin PBXContainerItemProxy section */
		2C963E961E2616C200708063 /* PBXContainerItemProxy */ = {
			isa = PBXContainerItemProxy;
			containerPortal = 2C963E741E2616C200708063 /* Project object */;
			proxyType = 1;
			remoteGlobalIDString = 2C963E7B1E2616C200708063;
			remoteInfo = MyImagePickerController;
		};
		2C963EA11E2616C200708063 /* PBXContainerItemProxy */ = {
			isa = PBXContainerItemProxy;
			containerPortal = 2C963E741E2616C200708063 /* Project object */;
			proxyType = 1;
			remoteGlobalIDString = 2C963E7B1E2616C200708063;
			remoteInfo = MyImagePickerController;
		};
/* End PBXContainerItemProxy section */

/* Begin PBXFileReference section */
		2C963E7C1E2616C200708063 /* MyImagePickerController.app */ = {isa = PBXFileReference; explicitFileType = wrapper.application; includeInIndex = 0; path = MyImagePickerController.app; sourceTree = BUILT_PRODUCTS_DIR; };
		2C963E801E2616C200708063 /* main.m */ = {isa = PBXFileReference; lastKnownFileType = sourcecode.c.objc; path = main.m; sourceTree = "<group>"; };
		2C963E821E2616C200708063 /* AppDelegate.h */ = {isa = PBXFileReference; lastKnownFileType = sourcecode.c.h; path = AppDelegate.h; sourceTree = "<group>"; };
		2C963E831E2616C200708063 /* AppDelegate.m */ = {isa = PBXFileReference; lastKnownFileType = sourcecode.c.objc; path = AppDelegate.m; sourceTree = "<group>"; };
		2C963E851E2616C200708063 /* ViewController.h */ = {isa = PBXFileReference; lastKnownFileType = sourcecode.c.h; path = ViewController.h; sourceTree = "<group>"; };
		2C963E861E2616C200708063 /* ViewController.m */ = {isa = PBXFileReference; lastKnownFileType = sourcecode.c.objc; path = ViewController.m; sourceTree = "<group>"; };
		2C963E891E2616C200708063 /* Base */ = {isa = PBXFileReference; lastKnownFileType = file.storyboard; name = Base; path = Base.lproj/Main.storyboard; sourceTree = "<group>"; };
		2C963E8B1E2616C200708063 /* Assets.xcassets */ = {isa = PBXFileReference; lastKnownFileType = folder.assetcatalog; path = Assets.xcassets; sourceTree = "<group>"; };
		2C963E8E1E2616C200708063 /* Base */ = {isa = PBXFileReference; lastKnownFileType = file.storyboard; name = Base; path = Base.lproj/LaunchScreen.storyboard; sourceTree = "<group>"; };
		2C963E901E2616C200708063 /* Info.plist */ = {isa = PBXFileReference; lastKnownFileType = text.plist.xml; path = Info.plist; sourceTree = "<group>"; };
		2C963E951E2616C200708063 /* MyImagePickerControllerTests.xctest */ = {isa = PBXFileReference; explicitFileType = wrapper.cfbundle; includeInIndex = 0; path = MyImagePickerControllerTests.xctest; sourceTree = BUILT_PRODUCTS_DIR; };
		2C963E991E2616C200708063 /* MyImagePickerControllerTests.m */ = {isa = PBXFileReference; lastKnownFileType = sourcecode.c.objc; path = MyImagePickerControllerTests.m; sourceTree = "<group>"; };
		2C963E9B1E2616C200708063 /* Info.plist */ = {isa = PBXFileReference; lastKnownFileType = text.plist.xml; path = Info.plist; sourceTree = "<group>"; };
		2C963EA01E2616C200708063 /* MyImagePickerControllerUITests.xctest */ = {isa = PBXFileReference; explicitFileType = wrapper.cfbundle; includeInIndex = 0; path = MyImagePickerControllerUITests.xctest; sourceTree = BUILT_PRODUCTS_DIR; };
		2C963EA41E2616C200708063 /* MyImagePickerControllerUITests.m */ = {isa = PBXFileReference; lastKnownFileType = sourcecode.c.objc; path = MyImagePickerControllerUITests.m; sourceTree = "<group>"; };
		2C963EA61E2616C200708063 /* Info.plist */ = {isa = PBXFileReference; lastKnownFileType = text.plist.xml; path = Info.plist; sourceTree = "<group>"; };
/* End PBXFileReference section */

/* Begin PBXFrameworksBuildPhase section */
		2C963E791E2616C200708063 /* Frameworks */ = {
			isa = PBXFrameworksBuildPhase;
			buildActionMask = 2147483647;
			files = (
			);
			runOnlyForDeploymentPostprocessing = 0;
		};
		2C963E921E2616C200708063 /* Frameworks */ = {
			isa = PBXFrameworksBuildPhase;
			buildActionMask = 2147483647;
			files = (
			);
			runOnlyForDeploymentPostprocessing = 0;
		};
		2C963E9D1E2616C200708063 /* Frameworks */ = {
			isa = PBXFrameworksBuildPhase;
			buildActionMask = 2147483647;
			files = (
			);
			runOnlyForDeploymentPostprocessing = 0;
		};
/* End PBXFrameworksBuildPhase section */

/* Begin PBXGroup section */
		2C963E731E2616C200708063 = {
			isa = PBXGroup;
			children = (
				2C963E7E1E2616C200708063 /* MyImagePickerController */,
				2C963E981E2616C200708063 /* MyImagePickerControllerTests */,
				2C963EA31E2616C200708063 /* MyImagePickerControllerUITests */,
				2C963E7D1E2616C200708063 /* Products */,
			);
			sourceTree = "<group>";
		};
		2C963E7D1E2616C200708063 /* Products */ = {
			isa = PBXGroup;
			children = (
				2C963E7C1E2616C200708063 /* MyImagePickerController.app */,
				2C963E951E2616C200708063 /* MyImagePickerControllerTests.xctest */,
				2C963EA01E2616C200708063 /* MyImagePickerControllerUITests.xctest */,
			);
			name = Products;
			sourceTree = "<group>";
		};
		2C963E7E1E2616C200708063 /* MyImagePickerController */ = {
			isa = PBXGroup;
			children = (
				2C963E821E2616C200708063 /* AppDelegate.h */,
				2C963E831E2616C200708063 /* AppDelegate.m */,
				2C963E851E2616C200708063 /* ViewController.h */,
				2C963E861E2616C200708063 /* ViewController.m */,
				2C963E881E2616C200708063 /* Main.storyboard */,
				2C963E8B1E2616C200708063 /* Assets.xcassets */,
				2C963E8D1E2616C200708063 /* LaunchScreen.storyboard */,
				2C963E901E2616C200708063 /* Info.plist */,
				2C963E7F1E2616C200708063 /* Supporting Files */,
			);
			path = MyImagePickerController;
			sourceTree = "<group>";
		};
		2C963E7F1E2616C200708063 /* Supporting Files */ = {
			isa = PBXGroup;
			children = (
				2C963E801E2616C200708063 /* main.m */,
			);
			name = "Supporting Files";
			sourceTree = "<group>";
		};
		2C963E981E2616C200708063 /* MyImagePickerControllerTests */ = {
			isa = PBXGroup;
			children = (
				2C963E991E2616C200708063 /* MyImagePickerControllerTests.m */,
				2C963E9B1E2616C200708063 /* Info.plist */,
			);
			path = MyImagePickerControllerTests;
			sourceTree = "<group>";
		};
		2C963EA31E2616C200708063 /* MyImagePickerControllerUITests */ = {
			isa = PBXGroup;
			children = (
				2C963EA41E2616C200708063 /* MyImagePickerControllerUITests.m */,
				2C963EA61E2616C200708063 /* Info.plist */,
			);
			path = MyImagePickerControllerUITests;
			sourceTree = "<group>";
		};
/* End PBXGroup section */

/* Begin PBXNativeTarget section */
		2C963E7B1E2616C200708063 /* MyImagePickerController */ = {
			isa = PBXNativeTarget;
			buildConfigurationList = 2C963EA91E2616C200708063 /* Build configuration list for PBXNativeTarget "MyImagePickerController" */;
			buildPhases = (
				2C963E781E2616C200708063 /* Sources */,
				2C963E791E2616C200708063 /* Frameworks */,
				2C963E7A1E2616C200708063 /* Resources */,
			);
			buildRules = (
			);
			dependencies = (
			);
			name = MyImagePickerController;
			productName = MyImagePickerController;
			productReference = 2C963E7C1E2616C200708063 /* MyImagePickerController.app */;
			productType = "com.apple.product-type.application";
		};
		2C963E941E2616C200708063 /* MyImagePickerControllerTests */ = {
			isa = PBXNativeTarget;
			buildConfigurationList = 2C963EAC1E2616C200708063 /* Build configuration list for PBXNativeTarget "MyImagePickerControllerTests" */;
			buildPhases = (
				2C963E911E2616C200708063 /* Sources */,
				2C963E921E2616C200708063 /* Frameworks */,
				2C963E931E2616C200708063 /* Resources */,
			);
			buildRules = (
			);
			dependencies = (
				2C963E971E2616C200708063 /* PBXTargetDependency */,
			);
			name = MyImagePickerControllerTests;
			productName = MyImagePickerControllerTests;
			productReference = 2C963E951E2616C200708063 /* MyImagePickerControllerTests.xctest */;
			productType = "com.apple.product-type.bundle.unit-test";
		};
		2C963E9F1E2616C200708063 /* MyImagePickerControllerUITests */ = {
			isa = PBXNativeTarget;
			buildConfigurationList = 2C963EAF1E2616C200708063 /* Build configuration list for PBXNativeTarget "MyImagePickerControllerUITests" */;
			buildPhases = (
				2C963E9C1E2616C200708063 /* Sources */,
				2C963E9D1E2616C200708063 /* Frameworks */,
				2C963E9E1E2616C200708063 /* Resources */,
			);
			buildRules = (
			);
			dependencies = (
				2C963EA21E2616C200708063 /* PBXTargetDependency */,
			);
			name = MyImagePickerControllerUITests;
			productName = MyImagePickerControllerUITests;
			productReference = 2C963EA01E2616C200708063 /* MyImagePickerControllerUITests.xctest */;
			productType = "com.apple.product-type.bundle.ui-testing";
		};
/* End PBXNativeTarget section */

/* Begin PBXProject section */
		2C963E741E2616C200708063 /* Project object */ = {
			isa = PBXProject;
			attributes = {
				LastUpgradeCheck = 0820;
				ORGANIZATIONNAME = lyj;
				TargetAttributes = {
					2C963E7B1E2616C200708063 = {
						CreatedOnToolsVersion = 8.2.1;
						ProvisioningStyle = Automatic;
					};
					2C963E941E2616C200708063 = {
						CreatedOnToolsVersion = 8.2.1;
						ProvisioningStyle = Automatic;
						TestTargetID = 2C963E7B1E2616C200708063;
					};
					2C963E9F1E2616C200708063 = {
						CreatedOnToolsVersion = 8.2.1;
						ProvisioningStyle = Automatic;
						TestTargetID = 2C963E7B1E2616C200708063;
					};
				};
			};
			buildConfigurationList = 2C963E771E2616C200708063 /* Build configuration list for PBXProject "MyImagePickerController" */;
			compatibilityVersion = "Xcode 3.2";
			developmentRegion = English;
			hasScannedForEncodings = 0;
			knownRegions = (
				en,
				Base,
			);
			mainGroup = 2C963E731E2616C200708063;
			productRefGroup = 2C963E7D1E2616C200708063 /* Products */;
			projectDirPath = "";
			projectRoot = "";
			targets = (
				2C963E7B1E2616C200708063 /* MyImagePickerController */,
				2C963E941E2616C200708063 /* MyImagePickerControllerTests */,
				2C963E9F1E2616C200708063 /* MyImagePickerControllerUITests */,
			);
		};
/* End PBXProject section */

/* Begin PBXResourcesBuildPhase section */
		2C963E7A1E2616C200708063 /* Resources */ = {
			isa = PBXResourcesBuildPhase;
			buildActionMask = 2147483647;
			files = (
				2C963E8F1E2616C200708063 /* LaunchScreen.storyboard in Resources */,
				2C963E8C1E2616C200708063 /* Assets.xcassets in Resources */,
				2C963E8A1E2616C200708063 /* Main.storyboard in Resources */,
			);
			runOnlyForDeploymentPostprocessing = 0;
		};
		2C963E931E2616C200708063 /* Resources */ = {
			isa = PBXResourcesBuildPhase;
			buildActionMask = 2147483647;
			files = (
			);
			runOnlyForDeploymentPostprocessing = 0;
		};
		2C963E9E1E2616C200708063 /* Resources */ = {
			isa = PBXResourcesBuildPhase;
			buildActionMask = 2147483647;
			files = (
			);
			runOnlyForDeploymentPostprocessing = 0;
		};
/* End PBXResourcesBuildPhase section */

/* Begin PBXSourcesBuildPhase section */
		2C963E781E2616C200708063 /* Sources */ = {
			isa = PBXSourcesBuildPhase;
			buildActionMask = 2147483647;
			files = (
				2C963E871E2616C200708063 /* ViewController.m in Sources */,
				2C963E841E2616C200708063 /* AppDelegate.m in Sources */,
				2C963E811E2616C200708063 /* main.m in Sources */,
			);
			runOnlyForDeploymentPostprocessing = 0;
		};
		2C963E911E2616C200708063 /* Sources */ = {
			isa = PBXSourcesBuildPhase;
			buildActionMask = 2147483647;
			files = (
				2C963E9A1E2616C200708063 /* MyImagePickerControllerTests.m in Sources */,
			);
			runOnlyForDeploymentPostprocessing = 0;
		};
		2C963E9C1E2616C200708063 /* Sources */ = {
			isa = PBXSourcesBuildPhase;
			buildActionMask = 2147483647;
			files = (
				2C963EA51E2616C200708063 /* MyImagePickerControllerUITests.m in Sources */,
			);
			runOnlyForDeploymentPostprocessing = 0;
		};
/* End PBXSourcesBuildPhase section */

/* Begin PBXTargetDependency section */
		2C963E971E2616C200708063 /* PBXTargetDependency */ = {
			isa = PBXTargetDependency;
			target = 2C963E7B1E2616C200708063 /* MyImagePickerController */;
			targetProxy = 2C963E961E2616C200708063 /* PBXContainerItemProxy */;
		};
		2C963EA21E2616C200708063 /* PBXTargetDependency */ = {
			isa = PBXTargetDependency;
			target = 2C963E7B1E2616C200708063 /* MyImagePickerController */;
			targetProxy = 2C963EA11E2616C200708063 /* PBXContainerItemProxy */;
		};
/* End PBXTargetDependency section */

/* Begin PBXVariantGroup section */
		2C963E881E2616C200708063 /* Main.storyboard */ = {
			isa = PBXVariantGroup;
			children = (
				2C963E891E2616C200708063 /* Base */,
			);
			name = Main.storyboard;
			sourceTree = "<group>";
		};
		2C963E8D1E2616C200708063 /* LaunchScreen.storyboard */ = {
			isa = PBXVariantGroup;
			children = (
				2C963E8E1E2616C200708063 /* Base */,
			);
			name = LaunchScreen.storyboard;
			sourceTree = "<group>";
		};
/* End PBXVariantGroup section */

/* Begin XCBuildConfiguration section */
		2C963EA71E2616C200708063 /* Debug */ = {
			isa = XCBuildConfiguration;
			buildSettings = {
				ALWAYS_SEARCH_USER_PATHS = NO;
				CLANG_ANALYZER_NONNULL = YES;
				CLANG_CXX_LANGUAGE_STANDARD = "gnu++0x";
				CLANG_CXX_LIBRARY = "libc++";
				CLANG_ENABLE_MODULES = YES;
				CLANG_ENABLE_OBJC_ARC = YES;
				CLANG_WARN_BOOL_CONVERSION = YES;
				CLANG_WARN_CONSTANT_CONVERSION = YES;
				CLANG_WARN_DIRECT_OBJC_ISA_USAGE = YES_ERROR;
				CLANG_WARN_DOCUMENTATION_COMMENTS = YES;
				CLANG_WARN_EMPTY_BODY = YES;
				CLANG_WARN_ENUM_CONVERSION = YES;
				CLANG_WARN_INFINITE_RECURSION = YES;
				CLANG_WARN_INT_CONVERSION = YES;
				CLANG_WARN_OBJC_ROOT_CLASS = YES_ERROR;
				CLANG_WARN_SUSPICIOUS_MOVE = YES;
				CLANG_WARN_UNREACHABLE_CODE = YES;
				CLANG_WARN__DUPLICATE_METHOD_MATCH = YES;
				"CODE_SIGN_IDENTITY[sdk=iphoneos*]" = "iPhone Developer";
				COPY_PHASE_STRIP = NO;
				DEBUG_INFORMATION_FORMAT = dwarf;
				ENABLE_STRICT_OBJC_MSGSEND = YES;
				ENABLE_TESTABILITY = YES;
				GCC_C_LANGUAGE_STANDARD = gnu99;
				GCC_DYNAMIC_NO_PIC = NO;
				GCC_NO_COMMON_BLOCKS = YES;
				GCC_OPTIMIZATION_LEVEL = 0;
				GCC_PREPROCESSOR_DEFINITIONS = (
					"DEBUG=1",
					"$(inherited)",
				);
				GCC_WARN_64_TO_32_BIT_CONVERSION = YES;
				GCC_WARN_ABOUT_RETURN_TYPE = YES_ERROR;
				GCC_WARN_UNDECLARED_SELECTOR = YES;
				GCC_WARN_UNINITIALIZED_AUTOS = YES_AGGRESSIVE;
				GCC_WARN_UNUSED_FUNCTION = YES;
				GCC_WARN_UNUSED_VARIABLE = YES;
				IPHONEOS_DEPLOYMENT_TARGET = 10.2;
				MTL_ENABLE_DEBUG_INFO = YES;
				ONLY_ACTIVE_ARCH = YES;
				SDKROOT = iphoneos;
				TARGETED_DEVICE_FAMILY = "1,2";
			};
			name = Debug;
		};
		2C963EA81E2616C200708063 /* Release */ = {
			isa = XCBuildConfiguration;
			buildSettings = {
				ALWAYS_SEARCH_USER_PATHS = NO;
				CLANG_ANALYZER_NONNULL = YES;
				CLANG_CXX_LANGUAGE_STANDARD = "gnu++0x";
				CLANG_CXX_LIBRARY = "libc++";
				CLANG_ENABLE_MODULES = YES;
				CLANG_ENABLE_OBJC_ARC = YES;
				CLANG_WARN_BOOL_CONVERSION = YES;
				CLANG_WARN_CONSTANT_CONVERSION = YES;
				CLANG_WARN_DIRECT_OBJC_ISA_USAGE = YES_ERROR;
				CLANG_WARN_DOCUMENTATION_COMMENTS = YES;
				CLANG_WARN_EMPTY_BODY = YES;
				CLANG_WARN_ENUM_CONVERSION = YES;
				CLANG_WARN_INFINITE_RECURSION = YES;
				CLANG_WARN_INT_CONVERSION = YES;
				CLANG_WARN_OBJC_ROOT_CLASS = YES_ERROR;
				CLANG_WARN_SUSPICIOUS_MOVE = YES;
				CLANG_WARN_UNREACHABLE_CODE = YES;
				CLANG_WARN__DUPLICATE_METHOD_MATCH = YES;
				"CODE_SIGN_IDENTITY[sdk=iphoneos*]" = "iPhone Developer";
				COPY_PHASE_STRIP = NO;
				DEBUG_INFORMATION_FORMAT = "dwarf-with-dsym";
				ENABLE_NS_ASSERTIONS = NO;
				ENABLE_STRICT_OBJC_MSGSEND = YES;
				GCC_C_LANGUAGE_STANDARD = gnu99;
				GCC_NO_COMMON_BLOCKS = YES;
				GCC_WARN_64_TO_32_BIT_CONVERSION = YES;
				GCC_WARN_ABOUT_RETURN_TYPE = YES_ERROR;
				GCC_WARN_UNDECLARED_SELECTOR = YES;
				GCC_WARN_UNINITIALIZED_AUTOS = YES_AGGRESSIVE;
				GCC_WARN_UNUSED_FUNCTION = YES;
				GCC_WARN_UNUSED_VARIABLE = YES;
				IPHONEOS_DEPLOYMENT_TARGET = 10.2;
				MTL_ENABLE_DEBUG_INFO = NO;
				SDKROOT = iphoneos;
				TARGETED_DEVICE_FAMILY = "1,2";
				VALIDATE_PRODUCT = YES;
			};
			name = Release;
		};
		2C963EAA1E2616C200708063 /* Debug */ = {
			isa = XCBuildConfiguration;
			buildSettings = {
				ASSETCATALOG_COMPILER_APPICON_NAME = AppIcon;
				INFOPLIST_FILE = MyImagePickerController/Info.plist;
				LD_RUNPATH_SEARCH_PATHS = "$(inherited) @executable_path/Frameworks";
				PRODUCT_BUNDLE_IDENTIFIER = JXW.MyImagePickerController;
				PRODUCT_NAME = "$(TARGET_NAME)";
			};
			name = Debug;
		};
		2C963EAB1E2616C200708063 /* Release */ = {
			isa = XCBuildConfiguration;
			buildSettings = {
				ASSETCATALOG_COMPILER_APPICON_NAME = AppIcon;
				INFOPLIST_FILE = MyImagePickerController/Info.plist;
				LD_RUNPATH_SEARCH_PATHS = "$(inherited) @executable_path/Frameworks";
				PRODUCT_BUNDLE_IDENTIFIER = JXW.MyImagePickerController;
				PRODUCT_NAME = "$(TARGET_NAME)";
			};
			name = Release;
		};
		2C963EAD1E2616C200708063 /* Debug */ = {
			isa = XCBuildConfiguration;
			buildSettings = {
				BUNDLE_LOADER = "$(TEST_HOST)";
				INFOPLIST_FILE = MyImagePickerControllerTests/Info.plist;
				LD_RUNPATH_SEARCH_PATHS = "$(inherited) @executable_path/Frameworks @loader_path/Frameworks";
				PRODUCT_BUNDLE_IDENTIFIER = JXW.MyImagePickerControllerTests;
				PRODUCT_NAME = "$(TARGET_NAME)";
				TEST_HOST = "$(BUILT_PRODUCTS_DIR)/MyImagePickerController.app/MyImagePickerController";
			};
			name = Debug;
		};
		2C963EAE1E2616C200708063 /* Release */ = {
			isa = XCBuildConfiguration;
			buildSettings = {
				BUNDLE_LOADER = "$(TEST_HOST)";
				INFOPLIST_FILE = MyImagePickerControllerTests/Info.plist;
				LD_RUNPATH_SEARCH_PATHS = "$(inherited) @executable_path/Frameworks @loader_path/Frameworks";
				PRODUCT_BUNDLE_IDENTIFIER = JXW.MyImagePickerControllerTests;
				PRODUCT_NAME = "$(TARGET_NAME)";
				TEST_HOST = "$(BUILT_PRODUCTS_DIR)/MyImagePickerController.app/MyImagePickerController";
			};
			name = Release;
		};
		2C963EB01E2616C200708063 /* Debug */ = {
			isa = XCBuildConfiguration;
			buildSettings = {
				INFOPLIST_FILE = MyImagePickerControllerUITests/Info.plist;
				LD_RUNPATH_SEARCH_PATHS = "$(inherited) @executable_path/Frameworks @loader_path/Frameworks";
				PRODUCT_BUNDLE_IDENTIFIER = JXW.MyImagePickerControllerUITests;
				PRODUCT_NAME = "$(TARGET_NAME)";
				TEST_TARGET_NAME = MyImagePickerController;
			};
			name = Debug;
		};
		2C963EB11E2616C200708063 /* Release */ = {
			isa = XCBuildConfiguration;
			buildSettings = {
				INFOPLIST_FILE = MyImagePickerControllerUITests/Info.plist;
				LD_RUNPATH_SEARCH_PATHS = "$(inherited) @executable_path/Frameworks @loader_path/Frameworks";
				PRODUCT_BUNDLE_IDENTIFIER = JXW.MyImagePickerControllerUITests;
				PRODUCT_NAME = "$(TARGET_NAME)";
				TEST_TARGET_NAME = MyImagePickerController;
			};
			name = Release;
		};
/* End XCBuildConfiguration section */

/* Begin XCConfigurationList section */
		2C963E771E2616C200708063 /* Build configuration list for PBXProject "MyImagePickerController" */ = {
			isa = XCConfigurationList;
			buildConfigurations = (
				2C963EA71E2616C200708063 /* Debug */,
				2C963EA81E2616C200708063 /* Release */,
			);
			defaultConfigurationIsVisible = 0;
			defaultConfigurationName = Release;
		};
		2C963EA91E2616C200708063 /* Build configuration list for PBXNativeTarget "MyImagePickerController" */ = {
			isa = XCConfigurationList;
			buildConfigurations = (
				2C963EAA1E2616C200708063 /* Debug */,
				2C963EAB1E2616C200708063 /* Release */,
			);
			defaultConfigurationIsVisible = 0;
		};
		2C963EAC1E2616C200708063 /* Build configuration list for PBXNativeTarget "MyImagePickerControllerTests" */ = {
			isa = XCConfigurationList;
			buildConfigurations = (
				2C963EAD1E2616C200708063 /* Debug */,
				2C963EAE1E2616C200708063 /* Release */,
			);
			defaultConfigurationIsVisible = 0;
		};
		2C963EAF1E2616C200708063 /* Build configuration list for PBXNativeTarget "MyImagePickerControllerUITests" */ = {
			isa = XCConfigurationList;
			buildConfigurations = (
				2C963EB01E2616C200708063 /* Debug */,
				2C963EB11E2616C200708063 /* Release */,
			);
			defaultConfigurationIsVisible = 0;
		};
/* End XCConfigurationList section */
	};
	rootObject = 2C963E741E2616C200708063 /* Project object */;
}
